{
  "name": "read_xml_file",
  "version": "1.0.0",
  "lockfileVersion": 1,
  "requires": true,
  "dependencies": {
    "prettier": {
      "version": "2.8.1",
      "resolved": "https://registry.npmjs.org/prettier/-/prettier-2.8.1.tgz",
      "integrity": "sha512-lqGoSJBQNJidqCHE80vqZJHWHRFoNYsSpP9AjFhlhi9ODCJA541svILes/+/1GM3VaL/abZi7cpFzOpdR9UPKg==",
      "dev": true
    },
    "xml-to-json-stream": {
      "version": "1.1.0",
      "resolved": "https://registry.npmjs.org/xml-to-json-stream/-/xml-to-json-stream-1.1.0.tgz",
      "integrity": "sha512-JaxUCQOk9+KajLNUV51elxlXI8cmN9rX4LVuhdCUtD7Z6N3lBsaD6l6caqjBPB1rieCZXviaoq4OKwAeup4RhA=="
    }
  }
}
